// !$*UTF8*$!
{
	archiveVersion = 1;
	classes = {
	};
	objectVersion = 56;
	objects = {

/* Begin PBXBuildFile section */
		FC655C9928ED56B400C1B4AB /* SampleWeatherSwiftUIApp.swift in Sources */ = {isa = PBXBuildFile; fileRef = FC655C9828ED56B400C1B4AB /* SampleWeatherSwiftUIApp.swift */; };
		FC655C9B28ED56B400C1B4AB /* ContentView.swift in Sources */ = {isa = PBXBuildFile; fileRef = FC655C9A28ED56B400C1B4AB /* ContentView.swift */; };
		FC655C9D28ED56BC00C1B4AB /* Assets.xcassets in Resources */ = {isa = PBXBuildFile; fileRef = FC655C9C28ED56BC00C1B4AB /* Assets.xcassets */; };
		FC655CA028ED56BC00C1B4AB /* Preview Assets.xcassets in Resources */ = {isa = PBXBuildFile; fileRef = FC655C9F28ED56BC00C1B4AB /* Preview Assets.xcassets */; };
		FC655CAA28ED56BC00C1B4AB /* SampleWeatherSwiftUITests.swift in Sources */ = {isa = PBXBuildFile; fileRef = FC655CA928ED56BC00C1B4AB /* SampleWeatherSwiftUITests.swift */; };
		FC655CB428ED56BC00C1B4AB /* SampleWeatherSwiftUIUITests.swift in Sources */ = {isa = PBXBuildFile; fileRef = FC655CB328ED56BC00C1B4AB /* SampleWeatherSwiftUIUITests.swift */; };
		FC655CB628ED56BC00C1B4AB /* SampleWeatherSwiftUIUITestsLaunchTests.swift in Sources */ = {isa = PBXBuildFile; fileRef = FC655CB528ED56BC00C1B4AB /* SampleWeatherSwiftUIUITestsLaunchTests.swift */; };
/* End PBXBuildFile section */

/* Begin PBXContainerItemProxy section */
		FC655CA628ED56BC00C1B4AB /* PBXContainerItemProxy */ = {
			isa = PBXContainerItemProxy;
			containerPortal = FC655C8D28ED56B400C1B4AB /* Project object */;
			proxyType = 1;
			remoteGlobalIDString = FC655C9428ED56B400C1B4AB;
			remoteInfo = SampleWeatherSwiftUI;
		};
		FC655CB028ED56BC00C1B4AB /* PBXContainerItemProxy */ = {
			isa = PBXContainerItemProxy;
			containerPortal = FC655C8D28ED56B400C1B4AB /* Project object */;
			proxyType = 1;
			remoteGlobalIDString = FC655C9428ED56B400C1B4AB;
			remoteInfo = SampleWeatherSwiftUI;
		};
/* End PBXContainerItemProxy section */

/* Begin PBXFileReference section */
		FC655C9528ED56B400C1B4AB /* SampleWeatherSwiftUI.app */ = {isa = PBXFileReference; explicitFileType = wrapper.application; includeInIndex = 0; path = SampleWeatherSwiftUI.app; sourceTree = BUILT_PRODUCTS_DIR; };
		FC655C9828ED56B400C1B4AB /* SampleWeatherSwiftUIApp.swift */ = {isa = PBXFileReference; lastKnownFileType = sourcecode.swift; path = SampleWeatherSwiftUIApp.swift; sourceTree = "<group>"; };
		FC655C9A28ED56B400C1B4AB /* ContentView.swift */ = {isa = PBXFileReference; lastKnownFileType = sourcecode.swift; path = ContentView.swift; sourceTree = "<group>"; };
		FC655C9C28ED56BC00C1B4AB /* Assets.xcassets */ = {isa = PBXFileReference; lastKnownFileType = folder.assetcatalog; path = Assets.xcassets; sourceTree = "<group>"; };
		FC655C9F28ED56BC00C1B4AB /* Preview Assets.xcassets */ = {isa = PBXFileReference; lastKnownFileType = folder.assetcatalog; path = "Preview Assets.xcassets"; sourceTree = "<group>"; };
		FC655CA528ED56BC00C1B4AB /* SampleWeatherSwiftUITests.xctest */ = {isa = PBXFileReference; explicitFileType = wrapper.cfbundle; includeInIndex = 0; path = SampleWeatherSwiftUITests.xctest; sourceTree = BUILT_PRODUCTS_DIR; };
		FC655CA928ED56BC00C1B4AB /* SampleWeatherSwiftUITests.swift */ = {isa = PBXFileReference; lastKnownFileType = sourcecode.swift; path = SampleWeatherSwiftUITests.swift; sourceTree = "<group>"; };
		FC655CAF28ED56BC00C1B4AB /* SampleWeatherSwiftUIUITests.xctest */ = {isa = PBXFileReference; explicitFileType = wrapper.cfbundle; includeInIndex = 0; path = SampleWeatherSwiftUIUITests.xctest; sourceTree = BUILT_PRODUCTS_DIR; };
		FC655CB328ED56BC00C1B4AB /* SampleWeatherSwiftUIUITests.swift */ = {isa = PBXFileReference; lastKnownFileType = sourcecode.swift; path = SampleWeatherSwiftUIUITests.swift; sourceTree = "<group>"; };
		FC655CB528ED56BC00C1B4AB /* SampleWeatherSwiftUIUITestsLaunchTests.swift */ = {isa = PBXFileReference; lastKnownFileType = sourcecode.swift; path = SampleWeatherSwiftUIUITestsLaunchTests.swift; sourceTree = "<group>"; };
/* End PBXFileReference section */

/* Begin PBXFrameworksBuildPhase section */
		FC655C9228ED56B400C1B4AB /* Frameworks */ = {
			isa = PBXFrameworksBuildPhase;
			buildActionMask = 2147483647;
			files = (
			);
			runOnlyForDeploymentPostprocessing = 0;
		};
		FC655CA228ED56BC00C1B4AB /* Frameworks */ = {
			isa = PBXFrameworksBuildPhase;
			buildActionMask = 2147483647;
			files = (
			);
			runOnlyForDeploymentPostprocessing = 0;
		};
		FC655CAC28ED56BC00C1B4AB /* Frameworks */ = {
			isa = PBXFrameworksBuildPhase;
			buildActionMask = 2147483647;
			files = (
			);
			runOnlyForDeploymentPostprocessing = 0;
		};
/* End PBXFrameworksBuildPhase section */

/* Begin PBXGroup section */
		FC655C8C28ED56B400C1B4AB = {
			isa = PBXGroup;
			children = (
				FC655C9728ED56B400C1B4AB /* SampleWeatherSwiftUI */,
				FC655CA828ED56BC00C1B4AB /* SampleWeatherSwiftUITests */,
				FC655CB228ED56BC00C1B4AB /* SampleWeatherSwiftUIUITests */,
				FC655C9628ED56B400C1B4AB /* Products */,
			);
			sourceTree = "<group>";
		};
		FC655C9628ED56B400C1B4AB /* Products */ = {
			isa = PBXGroup;
			children = (
				FC655C9528ED56B400C1B4AB /* SampleWeatherSwiftUI.app */,
				FC655CA528ED56BC00C1B4AB /* SampleWeatherSwiftUITests.xctest */,
				FC655CAF28ED56BC00C1B4AB /* SampleWeatherSwiftUIUITests.xctest */,
			);
			name = Products;
			sourceTree = "<group>";
		};
		FC655C9728ED56B400C1B4AB /* SampleWeatherSwiftUI */ = {
			isa = PBXGroup;
			children = (
				FC655C9828ED56B400C1B4AB /* SampleWeatherSwiftUIApp.swift */,
				FC655C9A28ED56B400C1B4AB /* ContentView.swift */,
				FC655C9C28ED56BC00C1B4AB /* Assets.xcassets */,
				FC655C9E28ED56BC00C1B4AB /* Preview Content */,
			);
			path = SampleWeatherSwiftUI;
			sourceTree = "<group>";
		};
		FC655C9E28ED56BC00C1B4AB /* Preview Content */ = {
			isa = PBXGroup;
			children = (
				FC655C9F28ED56BC00C1B4AB /* Preview Assets.xcassets */,
			);
			path = "Preview Content";
			sourceTree = "<group>";
		};
		FC655CA828ED56BC00C1B4AB /* SampleWeatherSwiftUITests */ = {
			isa = PBXGroup;
			children = (
				FC655CA928ED56BC00C1B4AB /* SampleWeatherSwiftUITests.swift */,
			);
			path = SampleWeatherSwiftUITests;
			sourceTree = "<group>";
		};
		FC655CB228ED56BC00C1B4AB /* SampleWeatherSwiftUIUITests */ = {
			isa = PBXGroup;
			children = (
				FC655CB328ED56BC00C1B4AB /* SampleWeatherSwiftUIUITests.swift */,
				FC655CB528ED56BC00C1B4AB /* SampleWeatherSwiftUIUITestsLaunchTests.swift */,
			);
			path = SampleWeatherSwiftUIUITests;
			sourceTree = "<group>";
		};
/* End PBXGroup section */

/* Begin PBXNativeTarget section */
		FC655C9428ED56B400C1B4AB /* SampleWeatherSwiftUI */ = {
			isa = PBXNativeTarget;
			buildConfigurationList = FC655CB928ED56BC00C1B4AB /* Build configuration list for PBXNativeTarget "SampleWeatherSwiftUI" */;
			buildPhases = (
				FC655C9128ED56B400C1B4AB /* Sources */,
				FC655C9228ED56B400C1B4AB /* Frameworks */,
				FC655C9328ED56B400C1B4AB /* Resources */,
			);
			buildRules = (
			);
			dependencies = (
			);
			name = SampleWeatherSwiftUI;
			productName = SampleWeatherSwiftUI;
			productReference = FC655C9528ED56B400C1B4AB /* SampleWeatherSwiftUI.app */;
			productType = "com.apple.product-type.application";
		};
		FC655CA428ED56BC00C1B4AB /* SampleWeatherSwiftUITests */ = {
			isa = PBXNativeTarget;
			buildConfigurationList = FC655CBC28ED56BC00C1B4AB /* Build configuration list for PBXNativeTarget "SampleWeatherSwiftUITests" */;
			buildPhases = (
				FC655CA128ED56BC00C1B4AB /* Sources */,
				FC655CA228ED56BC00C1B4AB /* Frameworks */,
				FC655CA328ED56BC00C1B4AB /* Resources */,
			);
			buildRules = (
			);
			dependencies = (
				FC655CA728ED56BC00C1B4AB /* PBXTargetDependency */,
			);
			name = SampleWeatherSwiftUITests;
			productName = SampleWeatherSwiftUITests;
			productReference = FC655CA528ED56BC00C1B4AB /* SampleWeatherSwiftUITests.xctest */;
			productType = "com.apple.product-type.bundle.unit-test";
		};
		FC655CAE28ED56BC00C1B4AB /* SampleWeatherSwiftUIUITests */ = {
			isa = PBXNativeTarget;
			buildConfigurationList = FC655CBF28ED56BC00C1B4AB /* Build configuration list for PBXNativeTarget "SampleWeatherSwiftUIUITests" */;
			buildPhases = (
				FC655CAB28ED56BC00C1B4AB /* Sources */,
				FC655CAC28ED56BC00C1B4AB /* Frameworks */,
				FC655CAD28ED56BC00C1B4AB /* Resources */,
			);
			buildRules = (
			);
			dependencies = (
				FC655CB128ED56BC00C1B4AB /* PBXTargetDependency */,
			);
			name = SampleWeatherSwiftUIUITests;
			productName = SampleWeatherSwiftUIUITests;
			productReference = FC655CAF28ED56BC00C1B4AB /* SampleWeatherSwiftUIUITests.xctest */;
			productType = "com.apple.product-type.bundle.ui-testing";
		};
/* End PBXNativeTarget section */

/* Begin PBXProject section */
		FC655C8D28ED56B400C1B4AB /* Project object */ = {
			isa = PBXProject;
			attributes = {
				BuildIndependentTargetsInParallel = 1;
				LastSwiftUpdateCheck = 1400;
				LastUpgradeCheck = 1400;
				TargetAttributes = {
					FC655C9428ED56B400C1B4AB = {
						CreatedOnToolsVersion = 14.0;
					};
					FC655CA428ED56BC00C1B4AB = {
						CreatedOnToolsVersion = 14.0;
						TestTargetID = FC655C9428ED56B400C1B4AB;
					};
					FC655CAE28ED56BC00C1B4AB = {
						CreatedOnToolsVersion = 14.0;
						TestTargetID = FC655C9428ED56B400C1B4AB;
					};
				};
			};
			buildConfigurationList = FC655C9028ED56B400C1B4AB /* Build configuration list for PBXProject "SampleWeatherSwiftUI" */;
			compatibilityVersion = "Xcode 14.0";
			developmentRegion = en;
			hasScannedForEncodings = 0;
			knownRegions = (
				en,
				Base,
			);
			mainGroup = FC655C8C28ED56B400C1B4AB;
			productRefGroup = FC655C9628ED56B400C1B4AB /* Products */;
			projectDirPath = "";
			projectRoot = "";
			targets = (
				FC655C9428ED56B400C1B4AB /* SampleWeatherSwiftUI */,
				FC655CA428ED56BC00C1B4AB /* SampleWeatherSwiftUITests */,
				FC655CAE28ED56BC00C1B4AB /* SampleWeatherSwiftUIUITests */,
			);
		};
/* End PBXProject section */

/* Begin PBXResourcesBuildPhase section */
		FC655C9328ED56B400C1B4AB /* Resources */ = {
			isa = PBXResourcesBuildPhase;
			buildActionMask = 2147483647;
			files = (
				FC655CA028ED56BC00C1B4AB /* Preview Assets.xcassets in Resources */,
				FC655C9D28ED56BC00C1B4AB /* Assets.xcassets in Resources */,
			);
			runOnlyForDeploymentPostprocessing = 0;
		};
		FC655CA328ED56BC00C1B4AB /* Resources */ = {
			isa = PBXResourcesBuildPhase;
			buildActionMask = 2147483647;
			files = (
			);
			runOnlyForDeploymentPostprocessing = 0;
		};
		FC655CAD28ED56BC00C1B4AB /* Resources */ = {
			isa = PBXResourcesBuildPhase;
			buildActionMask = 2147483647;
			files = (
			);
			runOnlyForDeploymentPostprocessing = 0;
		};
/* End PBXResourcesBuildPhase section */

/* Begin PBXSourcesBuildPhase section */
		FC655C9128ED56B400C1B4AB /* Sources */ = {
			isa = PBXSourcesBuildPhase;
			buildActionMask = 2147483647;
			files = (
				FC655C9B28ED56B400C1B4AB /* ContentView.swift in Sources */,
				FC655C9928ED56B400C1B4AB /* SampleWeatherSwiftUIApp.swift in Sources */,
			);
			runOnlyForDeploymentPostprocessing = 0;
		};
		FC655CA128ED56BC00C1B4AB /* Sources */ = {
			isa = PBXSourcesBuildPhase;
			buildActionMask = 2147483647;
			files = (
				FC655CAA28ED56BC00C1B4AB /* SampleWeatherSwiftUITests.swift in Sources */,
			);
			runOnlyForDeploymentPostprocessing = 0;
		};
		FC655CAB28ED56BC00C1B4AB /* Sources */ = {
			isa = PBXSourcesBuildPhase;
			buildActionMask = 2147483647;
			files = (
				FC655CB428ED56BC00C1B4AB /* SampleWeatherSwiftUIUITests.swift in Sources */,
				FC655CB628ED56BC00C1B4AB /* SampleWeatherSwiftUIUITestsLaunchTests.swift in Sources */,
			);
			runOnlyForDeploymentPostprocessing = 0;
		};
/* End PBXSourcesBuildPhase section */

/* Begin PBXTargetDependency section */
		FC655CA728ED56BC00C1B4AB /* PBXTargetDependency */ = {
			isa = PBXTargetDependency;
			target = FC655C9428ED56B400C1B4AB /* SampleWeatherSwiftUI */;
			targetProxy = FC655CA628ED56BC00C1B4AB /* PBXContainerItemProxy */;
		};
		FC655CB128ED56BC00C1B4AB /* PBXTargetDependency */ = {
			isa = PBXTargetDependency;
			target = FC655C9428ED56B400C1B4AB /* SampleWeatherSwiftUI */;
			targetProxy = FC655CB028ED56BC00C1B4AB /* PBXContainerItemProxy */;
		};
/* End PBXTargetDependency section */

/* Begin XCBuildConfiguration section */
		FC655CB728ED56BC00C1B4AB /* Debug */ = {
			isa = XCBuildConfiguration;
			buildSettings = {
				ALWAYS_SEARCH_USER_PATHS = NO;
				CLANG_ANALYZER_NONNULL = YES;
				CLANG_ANALYZER_NUMBER_OBJECT_CONVERSION = YES_AGGRESSIVE;
				CLANG_CXX_LANGUAGE_STANDARD = "gnu++20";
				CLANG_ENABLE_MODULES = YES;
				CLANG_ENABLE_OBJC_ARC = YES;
				CLANG_ENABLE_OBJC_WEAK = YES;
				CLANG_WARN_BLOCK_CAPTURE_AUTORELEASING = YES;
				CLANG_WARN_BOOL_CONVERSION = YES;
				CLANG_WARN_COMMA = YES;
				CLANG_WARN_CONSTANT_CONVERSION = YES;
				CLANG_WARN_DEPRECATED_OBJC_IMPLEMENTATIONS = YES;
				CLANG_WARN_DIRECT_OBJC_ISA_USAGE = YES_ERROR;
				CLANG_WARN_DOCUMENTATION_COMMENTS = YES;
				CLANG_WARN_EMPTY_BODY = YES;
				CLANG_WARN_ENUM_CONVERSION = YES;
				CLANG_WARN_INFINITE_RECURSION = YES;
				CLANG_WARN_INT_CONVERSION = YES;
				CLANG_WARN_NON_LITERAL_NULL_CONVERSION = YES;
				CLANG_WARN_OBJC_IMPLICIT_RETAIN_SELF = YES;
				CLANG_WARN_OBJC_LITERAL_CONVERSION = YES;
				CLANG_WARN_OBJC_ROOT_CLASS = YES_ERROR;
				CLANG_WARN_QUOTED_INCLUDE_IN_FRAMEWORK_HEADER = YES;
				CLANG_WARN_RANGE_LOOP_ANALYSIS = YES;
				CLANG_WARN_STRICT_PROTOTYPES = YES;
				CLANG_WARN_SUSPICIOUS_MOVE = YES;
				CLANG_WARN_UNGUARDED_AVAILABILITY = YES_AGGRESSIVE;
				CLANG_WARN_UNREACHABLE_CODE = YES;
				CLANG_WARN__DUPLICATE_METHOD_MATCH = YES;
				COPY_PHASE_STRIP = NO;
				DEBUG_INFORMATION_FORMAT = dwarf;
				ENABLE_STRICT_OBJC_MSGSEND = YES;
				ENABLE_TESTABILITY = YES;
				GCC_C_LANGUAGE_STANDARD = gnu11;
				GCC_DYNAMIC_NO_PIC = NO;
				GCC_NO_COMMON_BLOCKS = YES;
				GCC_OPTIMIZATION_LEVEL = 0;
				GCC_PREPROCESSOR_DEFINITIONS = (
					"DEBUG=1",
					"$(inherited)",
				);
				GCC_WARN_64_TO_32_BIT_CONVERSION = YES;
				GCC_WARN_ABOUT_RETURN_TYPE = YES_ERROR;
				GCC_WARN_UNDECLARED_SELECTOR = YES;
				GCC_WARN_UNINITIALIZED_AUTOS = YES_AGGRESSIVE;
				GCC_WARN_UNUSED_FUNCTION = YES;
				GCC_WARN_UNUSED_VARIABLE = YES;
				IPHONEOS_DEPLOYMENT_TARGET = 16.0;
				MTL_ENABLE_DEBUG_INFO = INCLUDE_SOURCE;
				MTL_FAST_MATH = YES;
				ONLY_ACTIVE_ARCH = YES;
				SDKROOT = iphoneos;
				SWIFT_ACTIVE_COMPILATION_CONDITIONS = DEBUG;
				SWIFT_OPTIMIZATION_LEVEL = "-Onone";
			};
			name = Debug;
		};
		FC655CB828ED56BC00C1B4AB /* Release */ = {
			isa = XCBuildConfiguration;
			buildSettings = {
				ALWAYS_SEARCH_USER_PATHS = NO;
				CLANG_ANALYZER_NONNULL = YES;
				CLANG_ANALYZER_NUMBER_OBJECT_CONVERSION = YES_AGGRESSIVE;
				CLANG_CXX_LANGUAGE_STANDARD = "gnu++20";
				CLANG_ENABLE_MODULES = YES;
				CLANG_ENABLE_OBJC_ARC = YES;
				CLANG_ENABLE_OBJC_WEAK = YES;
				CLANG_WARN_BLOCK_CAPTURE_AUTORELEASING = YES;
				CLANG_WARN_BOOL_CONVERSION = YES;
				CLANG_WARN_COMMA = YES;
				CLANG_WARN_CONSTANT_CONVERSION = YES;
				CLANG_WARN_DEPRECATED_OBJC_IMPLEMENTATIONS = YES;
				CLANG_WARN_DIRECT_OBJC_ISA_USAGE = YES_ERROR;
				CLANG_WARN_DOCUMENTATION_COMMENTS = YES;
				CLANG_WARN_EMPTY_BODY = YES;
				CLANG_WARN_ENUM_CONVERSION = YES;
				CLANG_WARN_INFINITE_RECURSION = YES;
				CLANG_WARN_INT_CONVERSION = YES;
				CLANG_WARN_NON_LITERAL_NULL_CONVERSION = YES;
				CLANG_WARN_OBJC_IMPLICIT_RETAIN_SELF = YES;
				CLANG_WARN_OBJC_LITERAL_CONVERSION = YES;
				CLANG_WARN_OBJC_ROOT_CLASS = YES_ERROR;
				CLANG_WARN_QUOTED_INCLUDE_IN_FRAMEWORK_HEADER = YES;
				CLANG_WARN_RANGE_LOOP_ANALYSIS = YES;
				CLANG_WARN_STRICT_PROTOTYPES = YES;
				CLANG_WARN_SUSPICIOUS_MOVE = YES;
				CLANG_WARN_UNGUARDED_AVAILABILITY = YES_AGGRESSIVE;
				CLANG_WARN_UNREACHABLE_CODE = YES;
				CLANG_WARN__DUPLICATE_METHOD_MATCH = YES;
				COPY_PHASE_STRIP = NO;
				DEBUG_INFORMATION_FORMAT = "dwarf-with-dsym";
				ENABLE_NS_ASSERTIONS = NO;
				ENABLE_STRICT_OBJC_MSGSEND = YES;
				GCC_C_LANGUAGE_STANDARD = gnu11;
				GCC_NO_COMMON_BLOCKS = YES;
				GCC_WARN_64_TO_32_BIT_CONVERSION = YES;
				GCC_WARN_ABOUT_RETURN_TYPE = YES_ERROR;
				GCC_WARN_UNDECLARED_SELECTOR = YES;
				GCC_WARN_UNINITIALIZED_AUTOS = YES_AGGRESSIVE;
				GCC_WARN_UNUSED_FUNCTION = YES;
				GCC_WARN_UNUSED_VARIABLE = YES;
				IPHONEOS_DEPLOYMENT_TARGET = 16.0;
				MTL_ENABLE_DEBUG_INFO = NO;
				MTL_FAST_MATH = YES;
				SDKROOT = iphoneos;
				SWIFT_COMPILATION_MODE = wholemodule;
				SWIFT_OPTIMIZATION_LEVEL = "-O";
				VALIDATE_PRODUCT = YES;
			};
			name = Release;
		};
		FC655CBA28ED56BC00C1B4AB /* Debug */ = {
			isa = XCBuildConfiguration;
			buildSettings = {
				ASSETCATALOG_COMPILER_APPICON_NAME = AppIcon;
				ASSETCATALOG_COMPILER_GLOBAL_ACCENT_COLOR_NAME = AccentColor;
				CODE_SIGN_STYLE = Automatic;
				CURRENT_PROJECT_VERSION = 1;
				DEVELOPMENT_ASSET_PATHS = "\"SampleWeatherSwiftUI/Preview Content\"";
				DEVELOPMENT_TEAM = D2LPL47T23;
				ENABLE_PREVIEWS = YES;
				GENERATE_INFOPLIST_FILE = YES;
				INFOPLIST_KEY_UIApplicationSceneManifest_Generation = YES;
				INFOPLIST_KEY_UIApplicationSupportsIndirectInputEvents = YES;
				INFOPLIST_KEY_UILaunchScreen_Generation = YES;
				INFOPLIST_KEY_UISupportedInterfaceOrientations_iPad = "UIInterfaceOrientationPortrait UIInterfaceOrientationPortraitUpsideDown UIInterfaceOrientationLandscapeLeft UIInterfaceOrientationLandscapeRight";
				INFOPLIST_KEY_UISupportedInterfaceOrientations_iPhone = "UIInterfaceOrientationPortrait UIInterfaceOrientationLandscapeLeft UIInterfaceOrientationLandscapeRight";
				LD_RUNPATH_SEARCH_PATHS = (
					"$(inherited)",
					"@executable_path/Frameworks",
				);
				MARKETING_VERSION = 1.0;
				PRODUCT_BUNDLE_IDENTIFIER = com.tanaka.SampleWeatherSwiftUI;
				PRODUCT_NAME = "$(TARGET_NAME)";
				SWIFT_EMIT_LOC_STRINGS = YES;
				SWIFT_VERSION = 5.0;
				TARGETED_DEVICE_FAMILY = "1,2";
			};
			name = Debug;
		};
		FC655CBB28ED56BC00C1B4AB /* Release */ = {
			isa = XCBuildConfiguration;
			buildSettings = {
				ASSETCATALOG_COMPILER_APPICON_NAME = AppIcon;
				ASSETCATALOG_COMPILER_GLOBAL_ACCENT_COLOR_NAME = AccentColor;
				CODE_SIGN_STYLE = Automatic;
				CURRENT_PROJECT_VERSION = 1;
				DEVELOPMENT_ASSET_PATHS = "\"SampleWeatherSwiftUI/Preview Content\"";
				DEVELOPMENT_TEAM = D2LPL47T23;
				ENABLE_PREVIEWS = YES;
				GENERATE_INFOPLIST_FILE = YES;
				INFOPLIST_KEY_UIApplicationSceneManifest_Generation = YES;
				INFOPLIST_KEY_UIApplicationSupportsIndirectInputEvents = YES;
				INFOPLIST_KEY_UILaunchScreen_Generation = YES;
				INFOPLIST_KEY_UISupportedInterfaceOrientations_iPad = "UIInterfaceOrientationPortrait UIInterfaceOrientationPortraitUpsideDown UIInterfaceOrientationLandscapeLeft UIInterfaceOrientationLandscapeRight";
				INFOPLIST_KEY_UISupportedInterfaceOrientations_iPhone = "UIInterfaceOrientationPortrait UIInterfaceOrientationLandscapeLeft UIInterfaceOrientationLandscapeRight";
				LD_RUNPATH_SEARCH_PATHS = (
					"$(inherited)",
					"@executable_path/Frameworks",
				);
				MARKETING_VERSION = 1.0;
				PRODUCT_BUNDLE_IDENTIFIER = com.tanaka.SampleWeatherSwiftUI;
				PRODUCT_NAME = "$(TARGET_NAME)";
				SWIFT_EMIT_LOC_STRINGS = YES;
				SWIFT_VERSION = 5.0;
				TARGETED_DEVICE_FAMILY = "1,2";
			};
			name = Release;
		};
		FC655CBD28ED56BC00C1B4AB /* Debug */ = {
			isa = XCBuildConfiguration;
			buildSettings = {
				ALWAYS_EMBED_SWIFT_STANDARD_LIBRARIES = YES;
				BUNDLE_LOADER = "$(TEST_HOST)";
				CODE_SIGN_STYLE = Automatic;
				CURRENT_PROJECT_VERSION = 1;
				DEVELOPMENT_TEAM = D2LPL47T23;
				GENERATE_INFOPLIST_FILE = YES;
				IPHONEOS_DEPLOYMENT_TARGET = 16.0;
				MARKETING_VERSION = 1.0;
				PRODUCT_BUNDLE_IDENTIFIER = com.tanaka.SampleWeatherSwiftUITests;
				PRODUCT_NAME = "$(TARGET_NAME)";
				SWIFT_EMIT_LOC_STRINGS = NO;
				SWIFT_VERSION = 5.0;
				TARGETED_DEVICE_FAMILY = "1,2";
				TEST_HOST = "$(BUILT_PRODUCTS_DIR)/SampleWeatherSwiftUI.app/$(BUNDLE_EXECUTABLE_FOLDER_PATH)/SampleWeatherSwiftUI";
			};
			name = Debug;
		};
		FC655CBE28ED56BC00C1B4AB /* Release */ = {
			isa = XCBuildConfiguration;
			buildSettings = {
				ALWAYS_EMBED_SWIFT_STANDARD_LIBRARIES = YES;
				BUNDLE_LOADER = "$(TEST_HOST)";
				CODE_SIGN_STYLE = Automatic;
				CURRENT_PROJECT_VERSION = 1;
				DEVELOPMENT_TEAM = D2LPL47T23;
				GENERATE_INFOPLIST_FILE = YES;
				IPHONEOS_DEPLOYMENT_TARGET = 16.0;
				MARKETING_VERSION = 1.0;
				PRODUCT_BUNDLE_IDENTIFIER = com.tanaka.SampleWeatherSwiftUITests;
				PRODUCT_NAME = "$(TARGET_NAME)";
				SWIFT_EMIT_LOC_STRINGS = NO;
				SWIFT_VERSION = 5.0;
				TARGETED_DEVICE_FAMILY = "1,2";
				TEST_HOST = "$(BUILT_PRODUCTS_DIR)/SampleWeatherSwiftUI.app/$(BUNDLE_EXECUTABLE_FOLDER_PATH)/SampleWeatherSwiftUI";
			};
			name = Release;
		};
		FC655CC028ED56BC00C1B4AB /* Debug */ = {
			isa = XCBuildConfiguration;
			buildSettings = {
				ALWAYS_EMBED_SWIFT_STANDARD_LIBRARIES = YES;
				CODE_SIGN_STYLE = Automatic;
				CURRENT_PROJECT_VERSION = 1;
				DEVELOPMENT_TEAM = D2LPL47T23;
				GENERATE_INFOPLIST_FILE = YES;
				MARKETING_VERSION = 1.0;
				PRODUCT_BUNDLE_IDENTIFIER = com.tanaka.SampleWeatherSwiftUIUITests;
				PRODUCT_NAME = "$(TARGET_NAME)";
				SWIFT_EMIT_LOC_STRINGS = NO;
				SWIFT_VERSION = 5.0;
				TARGETED_DEVICE_FAMILY = "1,2";
				TEST_TARGET_NAME = SampleWeatherSwiftUI;
			};
			name = Debug;
		};
		FC655CC128ED56BC00C1B4AB /* Release */ = {
			isa = XCBuildConfiguration;
			buildSettings = {
				ALWAYS_EMBED_SWIFT_STANDARD_LIBRARIES = YES;
				CODE_SIGN_STYLE = Automatic;
				CURRENT_PROJECT_VERSION = 1;
				DEVELOPMENT_TEAM = D2LPL47T23;
				GENERATE_INFOPLIST_FILE = YES;
				MARKETING_VERSION = 1.0;
				PRODUCT_BUNDLE_IDENTIFIER = com.tanaka.SampleWeatherSwiftUIUITests;
				PRODUCT_NAME = "$(TARGET_NAME)";
				SWIFT_EMIT_LOC_STRINGS = NO;
				SWIFT_VERSION = 5.0;
				TARGETED_DEVICE_FAMILY = "1,2";
				TEST_TARGET_NAME = SampleWeatherSwiftUI;
			};
			name = Release;
		};
/* End XCBuildConfiguration section */

/* Begin XCConfigurationList section */
		FC655C9028ED56B400C1B4AB /* Build configuration list for PBXProject "SampleWeatherSwiftUI" */ = {
			isa = XCConfigurationList;
			buildConfigurations = (
				FC655CB728ED56BC00C1B4AB /* Debug */,
				FC655CB828ED56BC00C1B4AB /* Release */,
			);
			defaultConfigurationIsVisible = 0;
			defaultConfigurationName = Release;
		};
		FC655CB928ED56BC00C1B4AB /* Build configuration list for PBXNativeTarget "SampleWeatherSwiftUI" */ = {
			isa = XCConfigurationList;
			buildConfigurations = (
				FC655CBA28ED56BC00C1B4AB /* Debug */,
				FC655CBB28ED56BC00C1B4AB /* Release */,
			);
			defaultConfigurationIsVisible = 0;
			defaultConfigurationName = Release;
		};
		FC655CBC28ED56BC00C1B4AB /* Build configuration list for PBXNativeTarget "SampleWeatherSwiftUITests" */ = {
			isa = XCConfigurationList;
			buildConfigurations = (
				FC655CBD28ED56BC00C1B4AB /* Debug */,
				FC655CBE28ED56BC00C1B4AB /* Release */,
			);
			defaultConfigurationIsVisible = 0;
			defaultConfigurationName = Release;
		};
		FC655CBF28ED56BC00C1B4AB /* Build configuration list for PBXNativeTarget "SampleWeatherSwiftUIUITests" */ = {
			isa = XCConfigurationList;
			buildConfigurations = (
				FC655CC028ED56BC00C1B4AB /* Debug */,
				FC655CC128ED56BC00C1B4AB /* Release */,
			);
			defaultConfigurationIsVisible = 0;
			defaultConfigurationName = Release;
		};
/* End XCConfigurationList section */
	};
	rootObject = FC655C8D28ED56B400C1B4AB /* Project object */;
}
